[[package]]
name = "black"
version = "22.12.0"
description = "The uncompromising code formatter."
category = "dev"
optional = false
python-versions = ">=3.7"

[package.dependencies]
click = ">=8.0.0"
mypy-extensions = ">=0.4.3"
pathspec = ">=0.9.0"
platformdirs = ">=2"
tomli = {version = ">=1.1.0", markers = "python_full_version < \"3.11.0a7\""}

[package.extras]
colorama = ["colorama (>=0.4.3)"]
d = ["aiohttp (>=3.7.4)"]
jupyter = ["ipython (>=7.8.0)", "tokenize-rt (>=3.2.0)"]
uvloop = ["uvloop (>=0.15.2)"]

[[package]]
name = "click"
version = "8.1.3"
description = "Composable command line interface toolkit"
category = "dev"
optional = false
python-versions = ">=3.7"

[package.dependencies]
colorama = {version = "*", markers = "platform_system == \"Windows\""}

[[package]]
name = "colorama"
version = "0.4.6"
description = "Cross-platform colored terminal text."
category = "main"
optional = false
python-versions = "!=3.0.*,!=3.1.*,!=3.2.*,!=3.3.*,!=3.4.*,!=3.5.*,!=3.6.*,>=2.7"

[[package]]
name = "flake8"
version = "6.0.0"
description = "the modular source code checker: pep8 pyflakes and co"
category = "dev"
optional = false
python-versions = ">=3.8.1"

[package.dependencies]
mccabe = ">=0.7.0,<0.8.0"
pycodestyle = ">=2.10.0,<2.11.0"
pyflakes = ">=3.0.0,<3.1.0"

[[package]]
name = "line-profiler"
version = "4.0.2"
description = "Line-by-line profiler"
category = "dev"
optional = false
python-versions = ">=3.6"

[package.extras]
all = ["Cython", "IPython", "IPython", "cibuildwheel", "cibuildwheel", "cibuildwheel", "cibuildwheel", "cibuildwheel", "cibuildwheel", "cmake", "coverage[toml]", "ninja", "pytest", "pytest-cov", "scikit-build", "ubelt"]
all-strict = ["Cython (==3.0.0a11)", "IPython (==0.13)", "IPython (==0.13)", "cibuildwheel (==2.11.2)", "cibuildwheel (==2.11.2)", "cibuildwheel (==2.11.2)", "cibuildwheel (==2.11.2)", "cibuildwheel (==2.11.2)", "cibuildwheel (==2.8.1)", "cmake (==3.21.2)", "coverage[toml] (==5.3)", "ninja (==1.10.2)", "pytest (==4.6.11)", "pytest-cov (==2.10.1)", "scikit-build (==0.11.1)", "ubelt (==1.0.1)"]
build = ["Cython", "cibuildwheel", "cibuildwheel", "cibuildwheel", "cibuildwheel", "cibuildwheel", "cibuildwheel", "cmake", "ninja", "scikit-build"]
build-strict = ["Cython (==3.0.0a11)", "cibuildwheel (==2.11.2)", "cibuildwheel (==2.11.2)", "cibuildwheel (==2.11.2)", "cibuildwheel (==2.11.2)", "cibuildwheel (==2.11.2)", "cibuildwheel (==2.8.1)", "cmake (==3.21.2)", "ninja (==1.10.2)", "scikit-build (==0.11.1)"]
ipython = ["IPython", "IPython"]
ipython-strict = ["IPython (==0.13)", "IPython (==0.13)"]
tests = ["IPython", "IPython", "coverage[toml]", "pytest", "pytest-cov", "ubelt"]
tests-strict = ["IPython (==0.13)", "IPython (==0.13)", "coverage[toml] (==5.3)", "pytest (==4.6.11)", "pytest-cov (==2.10.1)", "ubelt (==1.0.1)"]

[[package]]
name = "mccabe"
version = "0.7.0"
description = "McCabe checker, plugin for flake8"
category = "dev"
optional = false
python-versions = ">=3.6"

[[package]]
name = "more-itertools"
version = "9.0.0"
description = "More routines for operating on iterables, beyond itertools"
category = "main"
optional = false
python-versions = ">=3.7"

[[package]]
name = "mypy-extensions"
version = "0.4.3"
description = "Experimental type system extensions for programs checked with the mypy typechecker."
category = "dev"
optional = false
python-versions = "*"

[[package]]
name = "numpy"
version = "1.23.5"
description = "NumPy is the fundamental package for array computing with Python."
category = "main"
optional = false
python-versions = ">=3.8"

[[package]]
name = "pathspec"
version = "0.10.3"
description = "Utility library for gitignore style pattern matching of file paths."
category = "dev"
optional = false
python-versions = ">=3.7"

[[package]]
name = "platformdirs"
version = "2.6.0"
description = "A small Python package for determining appropriate platform-specific dirs, e.g. a \"user data dir\"."
category = "dev"
optional = false
python-versions = ">=3.7"

[package.extras]
docs = ["furo (>=2022.9.29)", "proselint (>=0.13)", "sphinx (>=5.3)", "sphinx-autodoc-typehints (>=1.19.4)"]
test = ["appdirs (==1.4.4)", "pytest (>=7.2)", "pytest-cov (>=4)", "pytest-mock (>=3.10)"]

[[package]]
name = "pycodestyle"
version = "2.10.0"
description = "Python style guide checker"
category = "dev"
optional = false
python-versions = ">=3.6"

[[package]]
name = "pyflakes"
version = "3.0.1"
description = "passive checker of Python programs"
category = "dev"
optional = false
python-versions = ">=3.6"

[[package]]
name = "snakeviz"
version = "2.1.1"
description = "A web-based viewer for Python profiler output"
category = "dev"
optional = false
python-versions = "*"

[package.dependencies]
tornado = ">=2.0"

[[package]]
name = "tomli"
version = "2.0.1"
description = "A lil' TOML parser"
category = "dev"
optional = false
python-versions = ">=3.7"

[[package]]
name = "tornado"
version = "6.2"
description = "Tornado is a Python web framework and asynchronous networking library, originally developed at FriendFeed."
category = "dev"
optional = false
python-versions = ">= 3.7"

[[package]]
name = "tqdm"
version = "4.64.1"
description = "Fast, Extensible Progress Meter"
category = "main"
optional = false
python-versions = "!=3.0.*,!=3.1.*,!=3.2.*,!=3.3.*,>=2.7"

[package.dependencies]
colorama = {version = "*", markers = "platform_system == \"Windows\""}

[package.extras]
dev = ["py-make (>=0.1.0)", "twine", "wheel"]
notebook = ["ipywidgets (>=6)"]
slack = ["slack-sdk"]
telegram = ["requests"]

[metadata]
lock-version = "1.1"
python-versions = "^3.10"
content-hash = "5a07cc8b6bc8e1372fef7b6db35d2f4fe520341e7fa2f941fd1a7f032ccd0d96"

[metadata.files]
black = [
    {file = "black-22.12.0-cp310-cp310-manylinux_2_17_x86_64.manylinux2014_x86_64.whl", hash = "sha256:9eedd20838bd5d75b80c9f5487dbcb06836a43833a37846cf1d8c1cc01cef59d"},
    {file = "black-22.12.0-cp310-cp310-win_amd64.whl", hash = "sha256:159a46a4947f73387b4d83e87ea006dbb2337eab6c879620a3ba52699b1f4351"},
    {file = "black-22.12.0-cp311-cp311-manylinux_2_17_x86_64.manylinux2014_x86_64.whl", hash = "sha256:d30b212bffeb1e252b31dd269dfae69dd17e06d92b87ad26e23890f3efea366f"},
    {file = "black-22.12.0-cp311-cp311-win_amd64.whl", hash = "sha256:7412e75863aa5c5411886804678b7d083c7c28421210180d67dfd8cf1221e1f4"},
    {file = "black-22.12.0-cp37-cp37m-manylinux_2_17_x86_64.manylinux2014_x86_64.whl", hash = "sha256:c116eed0efb9ff870ded8b62fe9f28dd61ef6e9ddd28d83d7d264a38417dcee2"},
    {file = "black-22.12.0-cp37-cp37m-win_amd64.whl", hash = "sha256:1f58cbe16dfe8c12b7434e50ff889fa479072096d79f0a7f25e4ab8e94cd8350"},
    {file = "black-22.12.0-cp38-cp38-manylinux_2_17_x86_64.manylinux2014_x86_64.whl", hash = "sha256:77d86c9f3db9b1bf6761244bc0b3572a546f5fe37917a044e02f3166d5aafa7d"},
    {file = "black-22.12.0-cp38-cp38-win_amd64.whl", hash = "sha256:82d9fe8fee3401e02e79767016b4907820a7dc28d70d137eb397b92ef3cc5bfc"},
    {file = "black-22.12.0-cp39-cp39-manylinux_2_17_x86_64.manylinux2014_x86_64.whl", hash = "sha256:101c69b23df9b44247bd88e1d7e90154336ac4992502d4197bdac35dd7ee3320"},
    {file = "black-22.12.0-cp39-cp39-win_amd64.whl", hash = "sha256:559c7a1ba9a006226f09e4916060982fd27334ae1998e7a38b3f33a37f7a2148"},
    {file = "black-22.12.0-py3-none-any.whl", hash = "sha256:436cc9167dd28040ad90d3b404aec22cedf24a6e4d7de221bec2730ec0c97bcf"},
    {file = "black-22.12.0.tar.gz", hash = "sha256:229351e5a18ca30f447bf724d007f890f97e13af070bb6ad4c0a441cd7596a2f"},
]
click = [
    {file = "click-8.1.3-py3-none-any.whl", hash = "sha256:bb4d8133cb15a609f44e8213d9b391b0809795062913b383c62be0ee95b1db48"},
    {file = "click-8.1.3.tar.gz", hash = "sha256:7682dc8afb30297001674575ea00d1814d808d6a36af415a82bd481d37ba7b8e"},
]
colorama = [
    {file = "colorama-0.4.6-py2.py3-none-any.whl", hash = "sha256:4f1d9991f5acc0ca119f9d443620b77f9d6b33703e51011c16baf57afb285fc6"},
    {file = "colorama-0.4.6.tar.gz", hash = "sha256:08695f5cb7ed6e0531a20572697297273c47b8cae5a63ffc6d6ed5c201be6e44"},
]
flake8 = [
    {file = "flake8-6.0.0-py2.py3-none-any.whl", hash = "sha256:3833794e27ff64ea4e9cf5d410082a8b97ff1a06c16aa3d2027339cd0f1195c7"},
    {file = "flake8-6.0.0.tar.gz", hash = "sha256:c61007e76655af75e6785a931f452915b371dc48f56efd765247c8fe68f2b181"},
]
line-profiler = [
    {file = "line_profiler-4.0.2-cp310-cp310-macosx_10_9_x86_64.whl", hash = "sha256:0de5f977c6387e1a9799fdb09e62707e28d9e7be2911ac1fa8132e19dbf2e4ac"},
    {file = "line_profiler-4.0.2-cp310-cp310-manylinux_2_17_i686.manylinux2014_i686.whl", hash = "sha256:967a31032dbc7345b936fc516de59ab92b43913bf9a3a81b4888329f16665222"},
    {file = "line_profiler-4.0.2-cp310-cp310-manylinux_2_17_x86_64.manylinux2014_x86_64.whl", hash = "sha256:3ba3d088b17a9c902e95c0cb23017f1df1356e33e5b01a4f65c2cba710b78c17"},
    {file = "line_profiler-4.0.2-cp310-cp310-musllinux_1_1_i686.whl", hash = "sha256:5978f48e47328df82d5f3959ba03b1d099c927d4c4bd1ea65bcdd7960af506d6"},
    {file = "line_profiler-4.0.2-cp310-cp310-musllinux_1_1_x86_64.whl", hash = "sha256:3ceefb2443504021d3b509a25af2c1232d9866bf0022e97e248fce492e7c2ca7"},
    {file = "line_profiler-4.0.2-cp310-cp310-win32.whl", hash = "sha256:38218ffb3a7140843615aa3ba2f90dc0a61d1ebb4b8734ed4e66b9f5386c5811"},
    {file = "line_profiler-4.0.2-cp310-cp310-win_amd64.whl", hash = "sha256:1c45d54f8fbeb95016cd83e3e6ee3ae0746b05da612b4d3b2d7600dd3bdf5cee"},
    {file = "line_profiler-4.0.2-cp311-cp311-macosx_10_9_x86_64.whl", hash = "sha256:76b4778bbafc12ba44846622a083a7a2e2a0214d63bb37478bd42b0a2f226c0c"},
    {file = "line_profiler-4.0.2-cp311-cp311-manylinux_2_17_i686.manylinux2014_i686.whl", hash = "sha256:5b18e84e5d5245337bd157989a1d6d79c08f402caaeb73fe020d927f0cd1cab0"},
    {file = "line_profiler-4.0.2-cp311-cp311-manylinux_2_17_x86_64.manylinux2014_x86_64.whl", hash = "sha256:d78ef5527b00c849e4edb42012c4bb036776b46b24ddd64ba4c49f02e79a4fc3"},
    {file = "line_profiler-4.0.2-cp311-cp311-musllinux_1_1_i686.whl", hash = "sha256:784e1af0901fffcfc5e4172b0eeb4753475d7493aa10898e7742598bd37afa64"},
    {file = "line_profiler-4.0.2-cp311-cp311-musllinux_1_1_x86_64.whl", hash = "sha256:657e5638e2b14140f720a296ae0e5404a3ec3b57f8993de38b8b8d4d364ad232"},
    {file = "line_profiler-4.0.2-cp311-cp311-win32.whl", hash = "sha256:1ea823094d3fa4c19bda80f97e23c8968f0de0a26ce0292f940b351886d0006c"},
    {file = "line_profiler-4.0.2-cp311-cp311-win_amd64.whl", hash = "sha256:c4be7c7f6995af1b4c98fc7d64910389e139052f04502f75195a8eb783b6c3da"},
    {file = "line_profiler-4.0.2-cp36-cp36m-macosx_10_9_x86_64.whl", hash = "sha256:6f78d3b7055694e0a375bd2f7ff96c96479beea8ee500e4e4a1e0e8339b46280"},
    {file = "line_profiler-4.0.2-cp36-cp36m-manylinux_2_17_i686.manylinux2014_i686.whl", hash = "sha256:9caea9600d5a6bfd5b3d8833afb3f1866f8a22f0839d1f17c6fcf5e87edea6fa"},
    {file = "line_profiler-4.0.2-cp36-cp36m-manylinux_2_17_x86_64.manylinux2014_x86_64.whl", hash = "sha256:f3765aed8434623797b135bdf41239957ca386ffcce4d7f8e5f639757673aa01"},
    {file = "line_profiler-4.0.2-cp36-cp36m-musllinux_1_1_i686.whl", hash = "sha256:803c926aaebc036d6af6f3c428fc5e5eb07d0708a86563b31c5efc170ba55a63"},
    {file = "line_profiler-4.0.2-cp36-cp36m-musllinux_1_1_x86_64.whl", hash = "sha256:dc25a5483711e9f106cc7820027b0df5adedec4473e492d2d37f95d76aca1b41"},
    {file = "line_profiler-4.0.2-cp36-cp36m-win32.whl", hash = "sha256:0cd9e0679e14fa79efcbd23e50027ea7b91dbd73b3f563556be450acedda0dd2"},
    {file = "line_profiler-4.0.2-cp36-cp36m-win_amd64.whl", hash = "sha256:3dd66972da651cb48acff95cb5e953c1bbb8d15b84e8d2f03b24c132c2618d1b"},
    {file = "line_profiler-4.0.2-cp37-cp37m-macosx_10_9_x86_64.whl", hash = "sha256:518818bea6ff084ffffe1e7f65d345f389259a5d2b12ed4d75b9a62b79ac3268"},
    {file = "line_profiler-4.0.2-cp37-cp37m-manylinux_2_17_i686.manylinux2014_i686.whl", hash = "sha256:d6eb20bbc089d166523349af733e8670dde4a94ca4a9eb4a44081f4bc0365552"},
    {file = "line_profiler-4.0.2-cp37-cp37m-manylinux_2_17_x86_64.manylinux2014_x86_64.whl", hash = "sha256:7d2dcffabf9794678a709888684541f39b3b6ff2b1fd06365df5a56578f73973"},
    {file = "line_profiler-4.0.2-cp37-cp37m-musllinux_1_1_i686.whl", hash = "sha256:f3f8d91b6e8a86790436713a5853aa57718fe378796d452619531cabb54ae8eb"},
    {file = "line_profiler-4.0.2-cp37-cp37m-musllinux_1_1_x86_64.whl", hash = "sha256:541a5798c1debc6be52090e26096c6a9faf8c9e6608f49d1b7fc6ddba1a16dea"},
    {file = "line_profiler-4.0.2-cp37-cp37m-win32.whl", hash = "sha256:4904d263a16e8561ad312b7fa97f19cbf730c4d053c7535b9ea7674a7b2002c9"},
    {file = "line_profiler-4.0.2-cp37-cp37m-win_amd64.whl", hash = "sha256:6970818772e69215734221226a3a94cf1dc5cfc63e700694a42c998b5b2ce22d"},
    {file = "line_profiler-4.0.2-cp38-cp38-macosx_10_9_x86_64.whl", hash = "sha256:7c9585da4003666167373ac219cdaeeaecafa3f8e16ced302e05f3da3956cffc"},
    {file = "line_profiler-4.0.2-cp38-cp38-manylinux_2_17_i686.manylinux2014_i686.whl", hash = "sha256:14e9e17e7462325a9f8334815294ac6a319ffa471db0b3c85affd2eeb72f4ab0"},
    {file = "line_profiler-4.0.2-cp38-cp38-manylinux_2_17_x86_64.manylinux2014_x86_64.whl", hash = "sha256:37a03c75f478d132555f79216966cea7c5038d3e76311a209cb85d3a2c109c6d"},
    {file = "line_profiler-4.0.2-cp38-cp38-musllinux_1_1_i686.whl", hash = "sha256:224dff75befa6589673efd11cbb23b5de9086c075eae37aa03d9a426d6b00aac"},
    {file = "line_profiler-4.0.2-cp38-cp38-musllinux_1_1_x86_64.whl", hash = "sha256:930e47bf506cbaeaafd0333289236b0ade553c2bfe11ac09ae276a92813b60a3"},
    {file = "line_profiler-4.0.2-cp38-cp38-win32.whl", hash = "sha256:53c4dd01c8f6066db200edb9b99fd6038dcf5582588d0a90c8747713e1cc9cce"},
    {file = "line_profiler-4.0.2-cp38-cp38-win_amd64.whl", hash = "sha256:90a957e45bbc15a261d866f5ab46092f61fd7a025701820309ef04f18cdaaf4c"},
    {file = "line_profiler-4.0.2-cp39-cp39-macosx_10_9_x86_64.whl", hash = "sha256:99e7e78ad515d2f9e70d2536e403c2c26b3990a21ebb070296b22b14e709f1f2"},
    {file = "line_profiler-4.0.2-cp39-cp39-manylinux_2_17_i686.manylinux2014_i686.whl", hash = "sha256:d715e31962e84100ff3d09caec5a26e940b31675020cee55608be62a236dffc6"},
    {file = "line_profiler-4.0.2-cp39-cp39-manylinux_2_17_x86_64.manylinux2014_x86_64.whl", hash = "sha256:ac262bd6d87dbdd4959941a699131e4f4daeb03f308eb785775dd61e52a272f1"},
    {file = "line_profiler-4.0.2-cp39-cp39-musllinux_1_1_i686.whl", hash = "sha256:1a6aa784790a299676409420f1707d6c72456703499503f283fa62106549b928"},
    {file = "line_profiler-4.0.2-cp39-cp39-musllinux_1_1_x86_64.whl", hash = "sha256:3b3ffca66ee09fd6c2b1b31336b8510c1142d9f5bd3397fa38ee0648af6272d9"},
    {file = "line_profiler-4.0.2-cp39-cp39-win32.whl", hash = "sha256:c3df5fb8a2a2c9b43498f3214cbac871fa7303572c19fe8157f2d95986fc9c4b"},
    {file = "line_profiler-4.0.2-cp39-cp39-win_amd64.whl", hash = "sha256:b1f0a6e00d24a1064ee4fbe3ae62406e71b11065aab7aa448c1242035125e74e"},
    {file = "line_profiler-4.0.2.tar.gz", hash = "sha256:25e8c9d4248dc48905801851ff8a75b9c74827a0871d118d1104d8e43d7fb0fc"},
]
mccabe = [
    {file = "mccabe-0.7.0-py2.py3-none-any.whl", hash = "sha256:6c2d30ab6be0e4a46919781807b4f0d834ebdd6c6e3dca0bda5a15f863427b6e"},
    {file = "mccabe-0.7.0.tar.gz", hash = "sha256:348e0240c33b60bbdf4e523192ef919f28cb2c3d7d5c7794f74009290f236325"},
]
more-itertools = [
    {file = "more-itertools-9.0.0.tar.gz", hash = "sha256:5a6257e40878ef0520b1803990e3e22303a41b5714006c32a3fd8304b26ea1ab"},
    {file = "more_itertools-9.0.0-py3-none-any.whl", hash = "sha256:250e83d7e81d0c87ca6bd942e6aeab8cc9daa6096d12c5308f3f92fa5e5c1f41"},
]
mypy-extensions = [
    {file = "mypy_extensions-0.4.3-py2.py3-none-any.whl", hash = "sha256:090fedd75945a69ae91ce1303b5824f428daf5a028d2f6ab8a299250a846f15d"},
    {file = "mypy_extensions-0.4.3.tar.gz", hash = "sha256:2d82818f5bb3e369420cb3c4060a7970edba416647068eb4c5343488a6c604a8"},
]
numpy = [
    {file = "numpy-1.23.5-cp310-cp310-macosx_10_9_x86_64.whl", hash = "sha256:9c88793f78fca17da0145455f0d7826bcb9f37da4764af27ac945488116efe63"},
    {file = "numpy-1.23.5-cp310-cp310-macosx_11_0_arm64.whl", hash = "sha256:e9f4c4e51567b616be64e05d517c79a8a22f3606499941d97bb76f2ca59f982d"},
    {file = "numpy-1.23.5-cp310-cp310-manylinux_2_17_aarch64.manylinux2014_aarch64.whl", hash = "sha256:7903ba8ab592b82014713c491f6c5d3a1cde5b4a3bf116404e08f5b52f6daf43"},
    {file = "numpy-1.23.5-cp310-cp310-manylinux_2_17_x86_64.manylinux2014_x86_64.whl", hash = "sha256:5e05b1c973a9f858c74367553e236f287e749465f773328c8ef31abe18f691e1"},
    {file = "numpy-1.23.5-cp310-cp310-win32.whl", hash = "sha256:522e26bbf6377e4d76403826ed689c295b0b238f46c28a7251ab94716da0b280"},
    {file = "numpy-1.23.5-cp310-cp310-win_amd64.whl", hash = "sha256:dbee87b469018961d1ad79b1a5d50c0ae850000b639bcb1b694e9981083243b6"},
    {file = "numpy-1.23.5-cp311-cp311-macosx_10_9_x86_64.whl", hash = "sha256:ce571367b6dfe60af04e04a1834ca2dc5f46004ac1cc756fb95319f64c095a96"},
    {file = "numpy-1.23.5-cp311-cp311-macosx_11_0_arm64.whl", hash = "sha256:56e454c7833e94ec9769fa0f86e6ff8e42ee38ce0ce1fa4cbb747ea7e06d56aa"},
    {file = "numpy-1.23.5-cp311-cp311-manylinux_2_17_aarch64.manylinux2014_aarch64.whl", hash = "sha256:5039f55555e1eab31124a5768898c9e22c25a65c1e0037f4d7c495a45778c9f2"},
    {file = "numpy-1.23.5-cp311-cp311-manylinux_2_17_x86_64.manylinux2014_x86_64.whl", hash = "sha256:58f545efd1108e647604a1b5aa809591ccd2540f468a880bedb97247e72db387"},
    {file = "numpy-1.23.5-cp311-cp311-win32.whl", hash = "sha256:b2a9ab7c279c91974f756c84c365a669a887efa287365a8e2c418f8b3ba73fb0"},
    {file = "numpy-1.23.5-cp311-cp311-win_amd64.whl", hash = "sha256:0cbe9848fad08baf71de1a39e12d1b6310f1d5b2d0ea4de051058e6e1076852d"},
    {file = "numpy-1.23.5-cp38-cp38-macosx_10_9_x86_64.whl", hash = "sha256:f063b69b090c9d918f9df0a12116029e274daf0181df392839661c4c7ec9018a"},
    {file = "numpy-1.23.5-cp38-cp38-macosx_11_0_arm64.whl", hash = "sha256:0aaee12d8883552fadfc41e96b4c82ee7d794949e2a7c3b3a7201e968c7ecab9"},
    {file = "numpy-1.23.5-cp38-cp38-manylinux_2_17_aarch64.manylinux2014_aarch64.whl", hash = "sha256:92c8c1e89a1f5028a4c6d9e3ccbe311b6ba53694811269b992c0b224269e2398"},
    {file = "numpy-1.23.5-cp38-cp38-manylinux_2_17_x86_64.manylinux2014_x86_64.whl", hash = "sha256:d208a0f8729f3fb790ed18a003f3a57895b989b40ea4dce4717e9cf4af62c6bb"},
    {file = "numpy-1.23.5-cp38-cp38-win32.whl", hash = "sha256:06005a2ef6014e9956c09ba07654f9837d9e26696a0470e42beedadb78c11b07"},
    {file = "numpy-1.23.5-cp38-cp38-win_amd64.whl", hash = "sha256:ca51fcfcc5f9354c45f400059e88bc09215fb71a48d3768fb80e357f3b457e1e"},
    {file = "numpy-1.23.5-cp39-cp39-macosx_10_9_x86_64.whl", hash = "sha256:8969bfd28e85c81f3f94eb4a66bc2cf1dbdc5c18efc320af34bffc54d6b1e38f"},
    {file = "numpy-1.23.5-cp39-cp39-macosx_11_0_arm64.whl", hash = "sha256:a7ac231a08bb37f852849bbb387a20a57574a97cfc7b6cabb488a4fc8be176de"},
    {file = "numpy-1.23.5-cp39-cp39-manylinux_2_17_aarch64.manylinux2014_aarch64.whl", hash = "sha256:bf837dc63ba5c06dc8797c398db1e223a466c7ece27a1f7b5232ba3466aafe3d"},
    {file = "numpy-1.23.5-cp39-cp39-manylinux_2_17_x86_64.manylinux2014_x86_64.whl", hash = "sha256:33161613d2269025873025b33e879825ec7b1d831317e68f4f2f0f84ed14c719"},
    {file = "numpy-1.23.5-cp39-cp39-win32.whl", hash = "sha256:af1da88f6bc3d2338ebbf0e22fe487821ea4d8e89053e25fa59d1d79786e7481"},
    {file = "numpy-1.23.5-cp39-cp39-win_amd64.whl", hash = "sha256:09b7847f7e83ca37c6e627682f145856de331049013853f344f37b0c9690e3df"},
    {file = "numpy-1.23.5-pp38-pypy38_pp73-macosx_10_9_x86_64.whl", hash = "sha256:abdde9f795cf292fb9651ed48185503a2ff29be87770c3b8e2a14b0cd7aa16f8"},
    {file = "numpy-1.23.5-pp38-pypy38_pp73-manylinux_2_17_x86_64.manylinux2014_x86_64.whl", hash = "sha256:f9a909a8bae284d46bbfdefbdd4a262ba19d3bc9921b1e76126b1d21c3c34135"},
    {file = "numpy-1.23.5-pp38-pypy38_pp73-win_amd64.whl", hash = "sha256:01dd17cbb340bf0fc23981e52e1d18a9d4050792e8fb8363cecbf066a84b827d"},
    {file = "numpy-1.23.5.tar.gz", hash = "sha256:1b1766d6f397c18153d40015ddfc79ddb715cabadc04d2d228d4e5a8bc4ded1a"},
]
pathspec = [
    {file = "pathspec-0.10.3-py3-none-any.whl", hash = "sha256:3c95343af8b756205e2aba76e843ba9520a24dd84f68c22b9f93251507509dd6"},
    {file = "pathspec-0.10.3.tar.gz", hash = "sha256:56200de4077d9d0791465aa9095a01d421861e405b5096955051deefd697d6f6"},
]
platformdirs = [
    {file = "platformdirs-2.6.0-py3-none-any.whl", hash = "sha256:1a89a12377800c81983db6be069ec068eee989748799b946cce2a6e80dcc54ca"},
    {file = "platformdirs-2.6.0.tar.gz", hash = "sha256:b46ffafa316e6b83b47489d240ce17173f123a9b9c83282141c3daf26ad9ac2e"},
]
pycodestyle = [
    {file = "pycodestyle-2.10.0-py2.py3-none-any.whl", hash = "sha256:8a4eaf0d0495c7395bdab3589ac2db602797d76207242c17d470186815706610"},
    {file = "pycodestyle-2.10.0.tar.gz", hash = "sha256:347187bdb476329d98f695c213d7295a846d1152ff4fe9bacb8a9590b8ee7053"},
]
pyflakes = [
    {file = "pyflakes-3.0.1-py2.py3-none-any.whl", hash = "sha256:ec55bf7fe21fff7f1ad2f7da62363d749e2a470500eab1b555334b67aa1ef8cf"},
    {file = "pyflakes-3.0.1.tar.gz", hash = "sha256:ec8b276a6b60bd80defed25add7e439881c19e64850afd9b346283d4165fd0fd"},
]
snakeviz = [
    {file = "snakeviz-2.1.1-py2.py3-none-any.whl", hash = "sha256:931142dc927101c9a4b6e89bc0577ff1a3d1886b483a04e6af70c31d2c3dce19"},
    {file = "snakeviz-2.1.1.tar.gz", hash = "sha256:0d96c006304f095cb4b3fb7ed98bb866ca35a7ca4ab9020bbc27d295ee4c94d9"},
]
tomli = [
    {file = "tomli-2.0.1-py3-none-any.whl", hash = "sha256:939de3e7a6161af0c887ef91b7d41a53e7c5a1ca976325f429cb46ea9bc30ecc"},
    {file = "tomli-2.0.1.tar.gz", hash = "sha256:de526c12914f0c550d15924c62d72abc48d6fe7364aa87328337a31007fe8a4f"},
]
tornado = [
    {file = "tornado-6.2-cp37-abi3-macosx_10_9_universal2.whl", hash = "sha256:20f638fd8cc85f3cbae3c732326e96addff0a15e22d80f049e00121651e82e72"},
    {file = "tornado-6.2-cp37-abi3-macosx_10_9_x86_64.whl", hash = "sha256:87dcafae3e884462f90c90ecc200defe5e580a7fbbb4365eda7c7c1eb809ebc9"},
    {file = "tornado-6.2-cp37-abi3-manylinux_2_17_aarch64.manylinux2014_aarch64.whl", hash = "sha256:ba09ef14ca9893954244fd872798b4ccb2367c165946ce2dd7376aebdde8e3ac"},
    {file = "tornado-6.2-cp37-abi3-manylinux_2_5_i686.manylinux1_i686.manylinux_2_17_i686.manylinux2014_i686.whl", hash = "sha256:b8150f721c101abdef99073bf66d3903e292d851bee51910839831caba341a75"},
    {file = "tornado-6.2-cp37-abi3-manylinux_2_5_x86_64.manylinux1_x86_64.manylinux_2_17_x86_64.manylinux2014_x86_64.whl", hash = "sha256:d3a2f5999215a3a06a4fc218026cd84c61b8b2b40ac5296a6db1f1451ef04c1e"},
    {file = "tornado-6.2-cp37-abi3-musllinux_1_1_aarch64.whl", hash = "sha256:5f8c52d219d4995388119af7ccaa0bcec289535747620116a58d830e7c25d8a8"},
    {file = "tornado-6.2-cp37-abi3-musllinux_1_1_i686.whl", hash = "sha256:6fdfabffd8dfcb6cf887428849d30cf19a3ea34c2c248461e1f7d718ad30b66b"},
    {file = "tornado-6.2-cp37-abi3-musllinux_1_1_x86_64.whl", hash = "sha256:1d54d13ab8414ed44de07efecb97d4ef7c39f7438cf5e976ccd356bebb1b5fca"},
    {file = "tornado-6.2-cp37-abi3-win32.whl", hash = "sha256:5c87076709343557ef8032934ce5f637dbb552efa7b21d08e89ae7619ed0eb23"},
    {file = "tornado-6.2-cp37-abi3-win_amd64.whl", hash = "sha256:e5f923aa6a47e133d1cf87d60700889d7eae68988704e20c75fb2d65677a8e4b"},
    {file = "tornado-6.2.tar.gz", hash = "sha256:9b630419bde84ec666bfd7ea0a4cb2a8a651c2d5cccdbdd1972a0c859dfc3c13"},
]
tqdm = [
    {file = "tqdm-4.64.1-py2.py3-none-any.whl", hash = "sha256:6fee160d6ffcd1b1c68c65f14c829c22832bc401726335ce92c52d395944a6a1"},
    {file = "tqdm-4.64.1.tar.gz", hash = "sha256:5f4f682a004951c1b450bc753c710e9280c5746ce6ffedee253ddbcbf54cf1e4"},
]
